// !$*UTF8*$!
{
	archiveVersion = 1;
	classes = {
	};
	objectVersion = 50;
	objects = {

/* Begin PBXBuildFile section */
		60528D6122B96C9B00C21017 /* WikiViewController.swift in Sources */ = {isa = PBXBuildFile; fileRef = 60528D5F22B96C9B00C21017 /* WikiViewController.swift */; };
		60528D6222B96C9B00C21017 /* WikiViewController.xib in Resources */ = {isa = PBXBuildFile; fileRef = 60528D6022B96C9B00C21017 /* WikiViewController.xib */; };
		60528D6522B977B200C21017 /* WebKit.framework in Frameworks */ = {isa = PBXBuildFile; fileRef = 60528D6422B977B200C21017 /* WebKit.framework */; };
		60528D6822B9898A00C21017 /* HouseListViewController.swift in Sources */ = {isa = PBXBuildFile; fileRef = 60528D6622B9898A00C21017 /* HouseListViewController.swift */; };
		60528D6922B9898A00C21017 /* HouseListViewController.xib in Resources */ = {isa = PBXBuildFile; fileRef = 60528D6722B9898A00C21017 /* HouseListViewController.xib */; };
		60528D6C22B999CB00C21017 /* MemberListViewController.swift in Sources */ = {isa = PBXBuildFile; fileRef = 60528D6A22B999CB00C21017 /* MemberListViewController.swift */; };
		60528D6D22B999CB00C21017 /* MemberListViewController.xib in Resources */ = {isa = PBXBuildFile; fileRef = 60528D6B22B999CB00C21017 /* MemberListViewController.xib */; };
		6086091D22B2DD0A005A2BD4 /* HouseDetailViewController.swift in Sources */ = {isa = PBXBuildFile; fileRef = 6086091B22B2DD0A005A2BD4 /* HouseDetailViewController.swift */; };
		6086091E22B2DD0A005A2BD4 /* HouseDetailViewController.xib in Resources */ = {isa = PBXBuildFile; fileRef = 6086091C22B2DD0A005A2BD4 /* HouseDetailViewController.xib */; };
		6086092122B2F8BD005A2BD4 /* UIViewController+Navigation.swift in Sources */ = {isa = PBXBuildFile; fileRef = 6086092022B2F8BD005A2BD4 /* UIViewController+Navigation.swift */; };
		6086092322B2FB38005A2BD4 /* RepositoryTests.swift in Sources */ = {isa = PBXBuildFile; fileRef = 6086092222B2FB38005A2BD4 /* RepositoryTests.swift */; };
		6086092622B2FC33005A2BD4 /* Repository.swift in Sources */ = {isa = PBXBuildFile; fileRef = 6086092522B2FC33005A2BD4 /* Repository.swift */; };
		60C0E13422AF0B2300E72CD3 /* AppDelegate.swift in Sources */ = {isa = PBXBuildFile; fileRef = 60C0E13322AF0B2300E72CD3 /* AppDelegate.swift */; };
		60C0E13B22AF0B2400E72CD3 /* Assets.xcassets in Resources */ = {isa = PBXBuildFile; fileRef = 60C0E13A22AF0B2400E72CD3 /* Assets.xcassets */; };
		60C0E13E22AF0B2400E72CD3 /* LaunchScreen.storyboard in Resources */ = {isa = PBXBuildFile; fileRef = 60C0E13C22AF0B2400E72CD3 /* LaunchScreen.storyboard */; };
		60C0E15422AF11E400E72CD3 /* HouseTests.swift in Sources */ = {isa = PBXBuildFile; fileRef = 60C0E15322AF11E400E72CD3 /* HouseTests.swift */; };
		60C94C8D22B02CAA0014744A /* House.swift in Sources */ = {isa = PBXBuildFile; fileRef = 60C94C8C22B02CAA0014744A /* House.swift */; };
		60C94C8F22B0301A0014744A /* Sigil.swift in Sources */ = {isa = PBXBuildFile; fileRef = 60C94C8E22B0301A0014744A /* Sigil.swift */; };
		60C94C9122B031960014744A /* PersonTests.swift in Sources */ = {isa = PBXBuildFile; fileRef = 60C94C9022B031960014744A /* PersonTests.swift */; };
		60C94C9322B0324B0014744A /* Person.swift in Sources */ = {isa = PBXBuildFile; fileRef = 60C94C9222B0324B0014744A /* Person.swift */; };
		60CDB35022BC3A8C005E0073 /* NotificationName+Addition.swift in Sources */ = {isa = PBXBuildFile; fileRef = 60CDB34F22BC3A8C005E0073 /* NotificationName+Addition.swift */; };
/* End PBXBuildFile section */

/* Begin PBXContainerItemProxy section */
		60C0E14522AF0B2500E72CD3 /* PBXContainerItemProxy */ = {
			isa = PBXContainerItemProxy;
			containerPortal = 60C0E12822AF0B2300E72CD3 /* Project object */;
			proxyType = 1;
			remoteGlobalIDString = 60C0E12F22AF0B2300E72CD3;
			remoteInfo = Westeros;
		};
/* End PBXContainerItemProxy section */

/* Begin PBXFileReference section */
		60528D5F22B96C9B00C21017 /* WikiViewController.swift */ = {isa = PBXFileReference; lastKnownFileType = sourcecode.swift; path = WikiViewController.swift; sourceTree = "<group>"; };
		60528D6022B96C9B00C21017 /* WikiViewController.xib */ = {isa = PBXFileReference; lastKnownFileType = file.xib; path = WikiViewController.xib; sourceTree = "<group>"; };
		60528D6422B977B200C21017 /* WebKit.framework */ = {isa = PBXFileReference; lastKnownFileType = wrapper.framework; name = WebKit.framework; path = System/Library/Frameworks/WebKit.framework; sourceTree = SDKROOT; };
		60528D6622B9898A00C21017 /* HouseListViewController.swift */ = {isa = PBXFileReference; lastKnownFileType = sourcecode.swift; path = HouseListViewController.swift; sourceTree = "<group>"; };
		60528D6722B9898A00C21017 /* HouseListViewController.xib */ = {isa = PBXFileReference; lastKnownFileType = file.xib; path = HouseListViewController.xib; sourceTree = "<group>"; };
		60528D6A22B999CB00C21017 /* MemberListViewController.swift */ = {isa = PBXFileReference; lastKnownFileType = sourcecode.swift; path = MemberListViewController.swift; sourceTree = "<group>"; };
		60528D6B22B999CB00C21017 /* MemberListViewController.xib */ = {isa = PBXFileReference; lastKnownFileType = file.xib; path = MemberListViewController.xib; sourceTree = "<group>"; };
		6086091B22B2DD0A005A2BD4 /* HouseDetailViewController.swift */ = {isa = PBXFileReference; lastKnownFileType = sourcecode.swift; path = HouseDetailViewController.swift; sourceTree = "<group>"; };
		6086091C22B2DD0A005A2BD4 /* HouseDetailViewController.xib */ = {isa = PBXFileReference; lastKnownFileType = file.xib; path = HouseDetailViewController.xib; sourceTree = "<group>"; };
		6086092022B2F8BD005A2BD4 /* UIViewController+Navigation.swift */ = {isa = PBXFileReference; lastKnownFileType = sourcecode.swift; path = "UIViewController+Navigation.swift"; sourceTree = "<group>"; };
		6086092222B2FB38005A2BD4 /* RepositoryTests.swift */ = {isa = PBXFileReference; lastKnownFileType = sourcecode.swift; path = RepositoryTests.swift; sourceTree = "<group>"; };
		6086092522B2FC33005A2BD4 /* Repository.swift */ = {isa = PBXFileReference; lastKnownFileType = sourcecode.swift; path = Repository.swift; sourceTree = "<group>"; };
		60C0E13022AF0B2300E72CD3 /* Westeros.app */ = {isa = PBXFileReference; explicitFileType = wrapper.application; includeInIndex = 0; path = Westeros.app; sourceTree = BUILT_PRODUCTS_DIR; };
		60C0E13322AF0B2300E72CD3 /* AppDelegate.swift */ = {isa = PBXFileReference; lastKnownFileType = sourcecode.swift; path = AppDelegate.swift; sourceTree = "<group>"; };
		60C0E13A22AF0B2400E72CD3 /* Assets.xcassets */ = {isa = PBXFileReference; lastKnownFileType = folder.assetcatalog; path = Assets.xcassets; sourceTree = "<group>"; };
		60C0E13D22AF0B2400E72CD3 /* Base */ = {isa = PBXFileReference; lastKnownFileType = file.storyboard; name = Base; path = Base.lproj/LaunchScreen.storyboard; sourceTree = "<group>"; };
		60C0E13F22AF0B2400E72CD3 /* Info.plist */ = {isa = PBXFileReference; lastKnownFileType = text.plist.xml; path = Info.plist; sourceTree = "<group>"; };
		60C0E14422AF0B2500E72CD3 /* WesterosTests.xctest */ = {isa = PBXFileReference; explicitFileType = wrapper.cfbundle; includeInIndex = 0; path = WesterosTests.xctest; sourceTree = BUILT_PRODUCTS_DIR; };
		60C0E14A22AF0B2500E72CD3 /* Info.plist */ = {isa = PBXFileReference; lastKnownFileType = text.plist.xml; path = Info.plist; sourceTree = "<group>"; };
		60C0E15322AF11E400E72CD3 /* HouseTests.swift */ = {isa = PBXFileReference; lastKnownFileType = sourcecode.swift; path = HouseTests.swift; sourceTree = "<group>"; };
		60C94C8C22B02CAA0014744A /* House.swift */ = {isa = PBXFileReference; lastKnownFileType = sourcecode.swift; path = House.swift; sourceTree = "<group>"; };
		60C94C8E22B0301A0014744A /* Sigil.swift */ = {isa = PBXFileReference; lastKnownFileType = sourcecode.swift; path = Sigil.swift; sourceTree = "<group>"; };
		60C94C9022B031960014744A /* PersonTests.swift */ = {isa = PBXFileReference; lastKnownFileType = sourcecode.swift; path = PersonTests.swift; sourceTree = "<group>"; };
		60C94C9222B0324B0014744A /* Person.swift */ = {isa = PBXFileReference; lastKnownFileType = sourcecode.swift; path = Person.swift; sourceTree = "<group>"; };
		60CDB34F22BC3A8C005E0073 /* NotificationName+Addition.swift */ = {isa = PBXFileReference; lastKnownFileType = sourcecode.swift; path = "NotificationName+Addition.swift"; sourceTree = "<group>"; };
/* End PBXFileReference section */

/* Begin PBXFrameworksBuildPhase section */
		60C0E12D22AF0B2300E72CD3 /* Frameworks */ = {
			isa = PBXFrameworksBuildPhase;
			buildActionMask = 2147483647;
			files = (
				60528D6522B977B200C21017 /* WebKit.framework in Frameworks */,
			);
			runOnlyForDeploymentPostprocessing = 0;
		};
		60C0E14122AF0B2500E72CD3 /* Frameworks */ = {
			isa = PBXFrameworksBuildPhase;
			buildActionMask = 2147483647;
			files = (
			);
			runOnlyForDeploymentPostprocessing = 0;
		};
/* End PBXFrameworksBuildPhase section */

/* Begin PBXGroup section */
		60528D6322B977B100C21017 /* Frameworks */ = {
			isa = PBXGroup;
			children = (
				60528D6422B977B200C21017 /* WebKit.framework */,
			);
			name = Frameworks;
			sourceTree = "<group>";
		};
		6086091A22B2DC54005A2BD4 /* Controller */ = {
			isa = PBXGroup;
			children = (
				6086091B22B2DD0A005A2BD4 /* HouseDetailViewController.swift */,
				6086091C22B2DD0A005A2BD4 /* HouseDetailViewController.xib */,
				60528D5F22B96C9B00C21017 /* WikiViewController.swift */,
				60528D6022B96C9B00C21017 /* WikiViewController.xib */,
				60528D6622B9898A00C21017 /* HouseListViewController.swift */,
				60528D6722B9898A00C21017 /* HouseListViewController.xib */,
				60528D6A22B999CB00C21017 /* MemberListViewController.swift */,
				60528D6B22B999CB00C21017 /* MemberListViewController.xib */,
			);
			path = Controller;
			sourceTree = "<group>";
		};
		6086091F22B2F85A005A2BD4 /* Additions */ = {
			isa = PBXGroup;
			children = (
				6086092022B2F8BD005A2BD4 /* UIViewController+Navigation.swift */,
				60CDB34F22BC3A8C005E0073 /* NotificationName+Addition.swift */,
			);
			path = Additions;
			sourceTree = "<group>";
		};
		6086092422B2FC12005A2BD4 /* Repositories */ = {
			isa = PBXGroup;
			children = (
				6086092522B2FC33005A2BD4 /* Repository.swift */,
			);
			path = Repositories;
			sourceTree = "<group>";
		};
		60C0E12722AF0B2300E72CD3 = {
			isa = PBXGroup;
			children = (
				60C0E13222AF0B2300E72CD3 /* Westeros */,
				60C0E14722AF0B2500E72CD3 /* WesterosTests */,
				60C0E13122AF0B2300E72CD3 /* Products */,
				60528D6322B977B100C21017 /* Frameworks */,
			);
			sourceTree = "<group>";
		};
		60C0E13122AF0B2300E72CD3 /* Products */ = {
			isa = PBXGroup;
			children = (
				60C0E13022AF0B2300E72CD3 /* Westeros.app */,
				60C0E14422AF0B2500E72CD3 /* WesterosTests.xctest */,
			);
			name = Products;
			sourceTree = "<group>";
		};
		60C0E13222AF0B2300E72CD3 /* Westeros */ = {
			isa = PBXGroup;
			children = (
				6086091F22B2F85A005A2BD4 /* Additions */,
				6086091A22B2DC54005A2BD4 /* Controller */,
				60C94C8B22B02C850014744A /* Domain */,
				60C0E13322AF0B2300E72CD3 /* AppDelegate.swift */,
				60C0E13A22AF0B2400E72CD3 /* Assets.xcassets */,
				60C0E13C22AF0B2400E72CD3 /* LaunchScreen.storyboard */,
				60C0E13F22AF0B2400E72CD3 /* Info.plist */,
			);
			path = Westeros;
			sourceTree = "<group>";
		};
		60C0E14722AF0B2500E72CD3 /* WesterosTests */ = {
			isa = PBXGroup;
			children = (
				60C0E14A22AF0B2500E72CD3 /* Info.plist */,
				60C0E15322AF11E400E72CD3 /* HouseTests.swift */,
				60C94C9022B031960014744A /* PersonTests.swift */,
				6086092222B2FB38005A2BD4 /* RepositoryTests.swift */,
			);
			path = WesterosTests;
			sourceTree = "<group>";
		};
		60C94C8B22B02C850014744A /* Domain */ = {
			isa = PBXGroup;
			children = (
				6086092422B2FC12005A2BD4 /* Repositories */,
				60C94C8C22B02CAA0014744A /* House.swift */,
				60C94C8E22B0301A0014744A /* Sigil.swift */,
				60C94C9222B0324B0014744A /* Person.swift */,
			);
			path = Domain;
			sourceTree = "<group>";
		};
/* End PBXGroup section */

/* Begin PBXNativeTarget section */
		60C0E12F22AF0B2300E72CD3 /* Westeros */ = {
			isa = PBXNativeTarget;
			buildConfigurationList = 60C0E14D22AF0B2500E72CD3 /* Build configuration list for PBXNativeTarget "Westeros" */;
			buildPhases = (
				60C0E12C22AF0B2300E72CD3 /* Sources */,
				60C0E12D22AF0B2300E72CD3 /* Frameworks */,
				60C0E12E22AF0B2300E72CD3 /* Resources */,
			);
			buildRules = (
			);
			dependencies = (
			);
			name = Westeros;
			productName = Westeros;
			productReference = 60C0E13022AF0B2300E72CD3 /* Westeros.app */;
			productType = "com.apple.product-type.application";
		};
		60C0E14322AF0B2500E72CD3 /* WesterosTests */ = {
			isa = PBXNativeTarget;
			buildConfigurationList = 60C0E15022AF0B2500E72CD3 /* Build configuration list for PBXNativeTarget "WesterosTests" */;
			buildPhases = (
				60C0E14022AF0B2500E72CD3 /* Sources */,
				60C0E14122AF0B2500E72CD3 /* Frameworks */,
				60C0E14222AF0B2500E72CD3 /* Resources */,
			);
			buildRules = (
			);
			dependencies = (
				60C0E14622AF0B2500E72CD3 /* PBXTargetDependency */,
			);
			name = WesterosTests;
			productName = WesterosTests;
			productReference = 60C0E14422AF0B2500E72CD3 /* WesterosTests.xctest */;
			productType = "com.apple.product-type.bundle.unit-test";
		};
/* End PBXNativeTarget section */

/* Begin PBXProject section */
		60C0E12822AF0B2300E72CD3 /* Project object */ = {
			isa = PBXProject;
			attributes = {
				LastSwiftUpdateCheck = 1020;
				LastUpgradeCheck = 1020;
				ORGANIZATIONNAME = "Luis Maria Tolosana Simon";
				TargetAttributes = {
					60C0E12F22AF0B2300E72CD3 = {
						CreatedOnToolsVersion = 10.2.1;
					};
					60C0E14322AF0B2500E72CD3 = {
						CreatedOnToolsVersion = 10.2.1;
						LastSwiftMigration = 1020;
						TestTargetID = 60C0E12F22AF0B2300E72CD3;
					};
				};
			};
			buildConfigurationList = 60C0E12B22AF0B2300E72CD3 /* Build configuration list for PBXProject "Westeros" */;
			compatibilityVersion = "Xcode 9.3";
			developmentRegion = en;
			hasScannedForEncodings = 0;
			knownRegions = (
				en,
				Base,
			);
			mainGroup = 60C0E12722AF0B2300E72CD3;
			productRefGroup = 60C0E13122AF0B2300E72CD3 /* Products */;
			projectDirPath = "";
			projectRoot = "";
			targets = (
				60C0E12F22AF0B2300E72CD3 /* Westeros */,
				60C0E14322AF0B2500E72CD3 /* WesterosTests */,
			);
		};
/* End PBXProject section */

/* Begin PBXResourcesBuildPhase section */
		60C0E12E22AF0B2300E72CD3 /* Resources */ = {
			isa = PBXResourcesBuildPhase;
			buildActionMask = 2147483647;
			files = (
				60C0E13E22AF0B2400E72CD3 /* LaunchScreen.storyboard in Resources */,
				60C0E13B22AF0B2400E72CD3 /* Assets.xcassets in Resources */,
				60528D6222B96C9B00C21017 /* WikiViewController.xib in Resources */,
				60528D6922B9898A00C21017 /* HouseListViewController.xib in Resources */,
				60528D6D22B999CB00C21017 /* MemberListViewController.xib in Resources */,
				6086091E22B2DD0A005A2BD4 /* HouseDetailViewController.xib in Resources */,
			);
			runOnlyForDeploymentPostprocessing = 0;
		};
		60C0E14222AF0B2500E72CD3 /* Resources */ = {
			isa = PBXResourcesBuildPhase;
			buildActionMask = 2147483647;
			files = (
			);
			runOnlyForDeploymentPostprocessing = 0;
		};
/* End PBXResourcesBuildPhase section */

/* Begin PBXSourcesBuildPhase section */
		60C0E12C22AF0B2300E72CD3 /* Sources */ = {
			isa = PBXSourcesBuildPhase;
			buildActionMask = 2147483647;
			files = (
				6086092622B2FC33005A2BD4 /* Repository.swift in Sources */,
				60CDB35022BC3A8C005E0073 /* NotificationName+Addition.swift in Sources */,
				6086092122B2F8BD005A2BD4 /* UIViewController+Navigation.swift in Sources */,
				6086091D22B2DD0A005A2BD4 /* HouseDetailViewController.swift in Sources */,
				60C94C8F22B0301A0014744A /* Sigil.swift in Sources */,
				60528D6C22B999CB00C21017 /* MemberListViewController.swift in Sources */,
				60C94C8D22B02CAA0014744A /* House.swift in Sources */,
				60528D6822B9898A00C21017 /* HouseListViewController.swift in Sources */,
				60C0E13422AF0B2300E72CD3 /* AppDelegate.swift in Sources */,
				60528D6122B96C9B00C21017 /* WikiViewController.swift in Sources */,
				60C94C9322B0324B0014744A /* Person.swift in Sources */,
			);
			runOnlyForDeploymentPostprocessing = 0;
		};
		60C0E14022AF0B2500E72CD3 /* Sources */ = {
			isa = PBXSourcesBuildPhase;
			buildActionMask = 2147483647;
			files = (
				60C0E15422AF11E400E72CD3 /* HouseTests.swift in Sources */,
				60C94C9122B031960014744A /* PersonTests.swift in Sources */,
				6086092322B2FB38005A2BD4 /* RepositoryTests.swift in Sources */,
			);
			runOnlyForDeploymentPostprocessing = 0;
		};
/* End PBXSourcesBuildPhase section */

/* Begin PBXTargetDependency section */
		60C0E14622AF0B2500E72CD3 /* PBXTargetDependency */ = {
			isa = PBXTargetDependency;
			target = 60C0E12F22AF0B2300E72CD3 /* Westeros */;
			targetProxy = 60C0E14522AF0B2500E72CD3 /* PBXContainerItemProxy */;
		};
/* End PBXTargetDependency section */

/* Begin PBXVariantGroup section */
		60C0E13C22AF0B2400E72CD3 /* LaunchScreen.storyboard */ = {
			isa = PBXVariantGroup;
			children = (
				60C0E13D22AF0B2400E72CD3 /* Base */,
			);
			name = LaunchScreen.storyboard;
			sourceTree = "<group>";
		};
/* End PBXVariantGroup section */

/* Begin XCBuildConfiguration section */
		60C0E14B22AF0B2500E72CD3 /* Debug */ = {
			isa = XCBuildConfiguration;
			buildSettings = {
				ALWAYS_SEARCH_USER_PATHS = NO;
				CLANG_ANALYZER_NONNULL = YES;
				CLANG_ANALYZER_NUMBER_OBJECT_CONVERSION = YES_AGGRESSIVE;
				CLANG_CXX_LANGUAGE_STANDARD = "gnu++14";
				CLANG_CXX_LIBRARY = "libc++";
				CLANG_ENABLE_MODULES = YES;
				CLANG_ENABLE_OBJC_ARC = YES;
				CLANG_ENABLE_OBJC_WEAK = YES;
				CLANG_WARN_BLOCK_CAPTURE_AUTORELEASING = YES;
				CLANG_WARN_BOOL_CONVERSION = YES;
				CLANG_WARN_COMMA = YES;
				CLANG_WARN_CONSTANT_CONVERSION = YES;
				CLANG_WARN_DEPRECATED_OBJC_IMPLEMENTATIONS = YES;
				CLANG_WARN_DIRECT_OBJC_ISA_USAGE = YES_ERROR;
				CLANG_WARN_DOCUMENTATION_COMMENTS = YES;
				CLANG_WARN_EMPTY_BODY = YES;
				CLANG_WARN_ENUM_CONVERSION = YES;
				CLANG_WARN_INFINITE_RECURSION = YES;
				CLANG_WARN_INT_CONVERSION = YES;
				CLANG_WARN_NON_LITERAL_NULL_CONVERSION = YES;
				CLANG_WARN_OBJC_IMPLICIT_RETAIN_SELF = YES;
				CLANG_WARN_OBJC_LITERAL_CONVERSION = YES;
				CLANG_WARN_OBJC_ROOT_CLASS = YES_ERROR;
				CLANG_WARN_RANGE_LOOP_ANALYSIS = YES;
				CLANG_WARN_STRICT_PROTOTYPES = YES;
				CLANG_WARN_SUSPICIOUS_MOVE = YES;
				CLANG_WARN_UNGUARDED_AVAILABILITY = YES_AGGRESSIVE;
				CLANG_WARN_UNREACHABLE_CODE = YES;
				CLANG_WARN__DUPLICATE_METHOD_MATCH = YES;
				CODE_SIGN_IDENTITY = "iPhone Developer";
				COPY_PHASE_STRIP = NO;
				DEBUG_INFORMATION_FORMAT = dwarf;
				ENABLE_STRICT_OBJC_MSGSEND = YES;
				ENABLE_TESTABILITY = YES;
				GCC_C_LANGUAGE_STANDARD = gnu11;
				GCC_DYNAMIC_NO_PIC = NO;
				GCC_NO_COMMON_BLOCKS = YES;
				GCC_OPTIMIZATION_LEVEL = 0;
				GCC_PREPROCESSOR_DEFINITIONS = (
					"DEBUG=1",
					"$(inherited)",
				);
				GCC_WARN_64_TO_32_BIT_CONVERSION = YES;
				GCC_WARN_ABOUT_RETURN_TYPE = YES_ERROR;
				GCC_WARN_UNDECLARED_SELECTOR = YES;
				GCC_WARN_UNINITIALIZED_AUTOS = YES_AGGRESSIVE;
				GCC_WARN_UNUSED_FUNCTION = YES;
				GCC_WARN_UNUSED_VARIABLE = YES;
				IPHONEOS_DEPLOYMENT_TARGET = 12.2;
				MTL_ENABLE_DEBUG_INFO = INCLUDE_SOURCE;
				MTL_FAST_MATH = YES;
				ONLY_ACTIVE_ARCH = YES;
				SDKROOT = iphoneos;
				SWIFT_ACTIVE_COMPILATION_CONDITIONS = DEBUG;
				SWIFT_OPTIMIZATION_LEVEL = "-Onone";
			};
			name = Debug;
		};
		60C0E14C22AF0B2500E72CD3 /* Release */ = {
			isa = XCBuildConfiguration;
			buildSettings = {
				ALWAYS_SEARCH_USER_PATHS = NO;
				CLANG_ANALYZER_NONNULL = YES;
				CLANG_ANALYZER_NUMBER_OBJECT_CONVERSION = YES_AGGRESSIVE;
				CLANG_CXX_LANGUAGE_STANDARD = "gnu++14";
				CLANG_CXX_LIBRARY = "libc++";
				CLANG_ENABLE_MODULES = YES;
				CLANG_ENABLE_OBJC_ARC = YES;
				CLANG_ENABLE_OBJC_WEAK = YES;
				CLANG_WARN_BLOCK_CAPTURE_AUTORELEASING = YES;
				CLANG_WARN_BOOL_CONVERSION = YES;
				CLANG_WARN_COMMA = YES;
				CLANG_WARN_CONSTANT_CONVERSION = YES;
				CLANG_WARN_DEPRECATED_OBJC_IMPLEMENTATIONS = YES;
				CLANG_WARN_DIRECT_OBJC_ISA_USAGE = YES_ERROR;
				CLANG_WARN_DOCUMENTATION_COMMENTS = YES;
				CLANG_WARN_EMPTY_BODY = YES;
				CLANG_WARN_ENUM_CONVERSION = YES;
				CLANG_WARN_INFINITE_RECURSION = YES;
				CLANG_WARN_INT_CONVERSION = YES;
				CLANG_WARN_NON_LITERAL_NULL_CONVERSION = YES;
				CLANG_WARN_OBJC_IMPLICIT_RETAIN_SELF = YES;
				CLANG_WARN_OBJC_LITERAL_CONVERSION = YES;
				CLANG_WARN_OBJC_ROOT_CLASS = YES_ERROR;
				CLANG_WARN_RANGE_LOOP_ANALYSIS = YES;
				CLANG_WARN_STRICT_PROTOTYPES = YES;
				CLANG_WARN_SUSPICIOUS_MOVE = YES;
				CLANG_WARN_UNGUARDED_AVAILABILITY = YES_AGGRESSIVE;
				CLANG_WARN_UNREACHABLE_CODE = YES;
				CLANG_WARN__DUPLICATE_METHOD_MATCH = YES;
				CODE_SIGN_IDENTITY = "iPhone Developer";
				COPY_PHASE_STRIP = NO;
				DEBUG_INFORMATION_FORMAT = "dwarf-with-dsym";
				ENABLE_NS_ASSERTIONS = NO;
				ENABLE_STRICT_OBJC_MSGSEND = YES;
				GCC_C_LANGUAGE_STANDARD = gnu11;
				GCC_NO_COMMON_BLOCKS = YES;
				GCC_WARN_64_TO_32_BIT_CONVERSION = YES;
				GCC_WARN_ABOUT_RETURN_TYPE = YES_ERROR;
				GCC_WARN_UNDECLARED_SELECTOR = YES;
				GCC_WARN_UNINITIALIZED_AUTOS = YES_AGGRESSIVE;
				GCC_WARN_UNUSED_FUNCTION = YES;
				GCC_WARN_UNUSED_VARIABLE = YES;
				IPHONEOS_DEPLOYMENT_TARGET = 12.2;
				MTL_ENABLE_DEBUG_INFO = NO;
				MTL_FAST_MATH = YES;
				SDKROOT = iphoneos;
				SWIFT_COMPILATION_MODE = wholemodule;
				SWIFT_OPTIMIZATION_LEVEL = "-O";
				VALIDATE_PRODUCT = YES;
			};
			name = Release;
		};
		60C0E14E22AF0B2500E72CD3 /* Debug */ = {
			isa = XCBuildConfiguration;
			buildSettings = {
				ASSETCATALOG_COMPILER_APPICON_NAME = AppIcon;
				CODE_SIGN_STYLE = Automatic;
				INFOPLIST_FILE = Westeros/Info.plist;
				LD_RUNPATH_SEARCH_PATHS = (
					"$(inherited)",
					"@executable_path/Frameworks",
				);
				PRODUCT_BUNDLE_IDENTIFIER = io.tolosana.Westeros;
				PRODUCT_NAME = "$(TARGET_NAME)";
				SWIFT_VERSION = 5.0;
				TARGETED_DEVICE_FAMILY = "1,2";
			};
			name = Debug;
		};
		60C0E14F22AF0B2500E72CD3 /* Release */ = {
			isa = XCBuildConfiguration;
			buildSettings = {
				ASSETCATALOG_COMPILER_APPICON_NAME = AppIcon;
				CODE_SIGN_STYLE = Automatic;
				INFOPLIST_FILE = Westeros/Info.plist;
				LD_RUNPATH_SEARCH_PATHS = (
					"$(inherited)",
					"@executable_path/Frameworks",
				);
				PRODUCT_BUNDLE_IDENTIFIER = io.tolosana.Westeros;
				PRODUCT_NAME = "$(TARGET_NAME)";
				SWIFT_VERSION = 5.0;
				TARGETED_DEVICE_FAMILY = "1,2";
			};
			name = Release;
		};
		60C0E15122AF0B2500E72CD3 /* Debug */ = {
			isa = XCBuildConfiguration;
			buildSettings = {
				ALWAYS_EMBED_SWIFT_STANDARD_LIBRARIES = YES;
				BUNDLE_LOADER = "$(TEST_HOST)";
				CLANG_ENABLE_MODULES = YES;
				CODE_SIGN_STYLE = Automatic;
				INFOPLIST_FILE = WesterosTests/Info.plist;
				LD_RUNPATH_SEARCH_PATHS = (
					"$(inherited)",
					"@executable_path/Frameworks",
					"@loader_path/Frameworks",
				);
				PRODUCT_BUNDLE_IDENTIFIER = io.tolosana.WesterosTests;
				PRODUCT_NAME = "$(TARGET_NAME)";
				SWIFT_OPTIMIZATION_LEVEL = "-Onone";
				SWIFT_VERSION = 5.0;
				TARGETED_DEVICE_FAMILY = "1,2";
				TEST_HOST = "$(BUILT_PRODUCTS_DIR)/Westeros.app/Westeros";
			};
			name = Debug;
		};
		60C0E15222AF0B2500E72CD3 /* Release */ = {
			isa = XCBuildConfiguration;
			buildSettings = {
				ALWAYS_EMBED_SWIFT_STANDARD_LIBRARIES = YES;
				BUNDLE_LOADER = "$(TEST_HOST)";
				CLANG_ENABLE_MODULES = YES;
				CODE_SIGN_STYLE = Automatic;
				INFOPLIST_FILE = WesterosTests/Info.plist;
				LD_RUNPATH_SEARCH_PATHS = (
					"$(inherited)",
					"@executable_path/Frameworks",
					"@loader_path/Frameworks",
				);
				PRODUCT_BUNDLE_IDENTIFIER = io.tolosana.WesterosTests;
				PRODUCT_NAME = "$(TARGET_NAME)";
				SWIFT_VERSION = 5.0;
				TARGETED_DEVICE_FAMILY = "1,2";
				TEST_HOST = "$(BUILT_PRODUCTS_DIR)/Westeros.app/Westeros";
			};
			name = Release;
		};
/* End XCBuildConfiguration section */

/* Begin XCConfigurationList section */
		60C0E12B22AF0B2300E72CD3 /* Build configuration list for PBXProject "Westeros" */ = {
			isa = XCConfigurationList;
			buildConfigurations = (
				60C0E14B22AF0B2500E72CD3 /* Debug */,
				60C0E14C22AF0B2500E72CD3 /* Release */,
			);
			defaultConfigurationIsVisible = 0;
			defaultConfigurationName = Release;
		};
		60C0E14D22AF0B2500E72CD3 /* Build configuration list for PBXNativeTarget "Westeros" */ = {
			isa = XCConfigurationList;
			buildConfigurations = (
				60C0E14E22AF0B2500E72CD3 /* Debug */,
				60C0E14F22AF0B2500E72CD3 /* Release */,
			);
			defaultConfigurationIsVisible = 0;
			defaultConfigurationName = Release;
		};
		60C0E15022AF0B2500E72CD3 /* Build configuration list for PBXNativeTarget "WesterosTests" */ = {
			isa = XCConfigurationList;
			buildConfigurations = (
				60C0E15122AF0B2500E72CD3 /* Debug */,
				60C0E15222AF0B2500E72CD3 /* Release */,
			);
			defaultConfigurationIsVisible = 0;
			defaultConfigurationName = Release;
		};
/* End XCConfigurationList section */
	};
	rootObject = 60C0E12822AF0B2300E72CD3 /* Project object */;
}
